
Microsoft Visual Studio Solution File, Format Version 12.00
# Visual Studio 15
VisualStudioVersion = 15.0.27428.2015
MinimumVisualStudioVersion = 10.0.40219.1
Project("{2150E333-8FDC-42A3-9474-1A3956D46DE8}") = "Solution Items", "Solution Items", "{2A688F3D-0174-4625-AF71-41B421A610FC}"
	ProjectSection(SolutionItems) = preProject
		DsLightPackage\releasenotes.txt = DsLightPackage\releasenotes.txt
		todo.txt = todo.txt
	EndProjectSection
EndProject
Project("{FAE04EC0-301F-11D3-BF4B-00C04F79EFBC}") = "DsLightPackage", "DsLightPackage\DsLightPackage.csproj", "{83163187-2A64-4637-AE3A-40327059CE17}"
EndProject
Project("{FAE04EC0-301F-11D3-BF4B-00C04F79EFBC}") = "DsLightEditorGUI", "DsLightEditorGUI\DsLightEditorGUI.csproj", "{908D8860-6184-4D72-B20C-74681F7D1D45}"
EndProject
Project("{FAE04EC0-301F-11D3-BF4B-00C04F79EFBC}") = "DsLightTest", "DsLightTest\DsLightTest.csproj", "{4512835F-9A27-46BF-9B28-D197A074FD42}"
EndProject
Project("{FAE04EC0-301F-11D3-BF4B-00C04F79EFBC}") = "DsLightItemTemplate", "DsLightItemTemplate\DsLightItemTemplate.csproj", "{33157D03-DA77-483D-B00B-E21A80665077}"
EndProject
Global
	GlobalSection(SolutionConfigurationPlatforms) = preSolution
		Debug|Any CPU = Debug|Any CPU
		Release|Any CPU = Release|Any CPU
	EndGlobalSection
	GlobalSection(ProjectConfigurationPlatforms) = postSolution
		{83163187-2A64-4637-AE3A-40327059CE17}.Debug|Any CPU.ActiveCfg = Debug|Any CPU
		{83163187-2A64-4637-AE3A-40327059CE17}.Debug|Any CPU.Build.0 = Debug|Any CPU
		{83163187-2A64-4637-AE3A-40327059CE17}.Release|Any CPU.ActiveCfg = Release|Any CPU
		{83163187-2A64-4637-AE3A-40327059CE17}.Release|Any CPU.Build.0 = Release|Any CPU
		{908D8860-6184-4D72-B20C-74681F7D1D45}.Debug|Any CPU.ActiveCfg = Debug|Any CPU
		{908D8860-6184-4D72-B20C-74681F7D1D45}.Debug|Any CPU.Build.0 = Debug|Any CPU
		{908D8860-6184-4D72-B20C-74681F7D1D45}.Release|Any CPU.ActiveCfg = Release|Any CPU
		{908D8860-6184-4D72-B20C-74681F7D1D45}.Release|Any CPU.Build.0 = Release|Any CPU
		{4512835F-9A27-46BF-9B28-D197A074FD42}.Debug|Any CPU.ActiveCfg = Debug|Any CPU
		{4512835F-9A27-46BF-9B28-D197A074FD42}.Debug|Any CPU.Build.0 = Debug|Any CPU
		{4512835F-9A27-46BF-9B28-D197A074FD42}.Release|Any CPU.ActiveCfg = Release|Any CPU
		{4512835F-9A27-46BF-9B28-D197A074FD42}.Release|Any CPU.Build.0 = Release|Any CPU
		{33157D03-DA77-483D-B00B-E21A80665077}.Debug|Any CPU.ActiveCfg = Debug|Any CPU
		{33157D03-DA77-483D-B00B-E21A80665077}.Debug|Any CPU.Build.0 = Debug|Any CPU
		{33157D03-DA77-483D-B00B-E21A80665077}.Release|Any CPU.ActiveCfg = Release|Any CPU
		{33157D03-DA77-483D-B00B-E21A80665077}.Release|Any CPU.Build.0 = Release|Any CPU
	EndGlobalSection
	GlobalSection(SolutionProperties) = preSolution
		HideSolutionNode = FALSE
	EndGlobalSection
	GlobalSection(ExtensibilityGlobals) = postSolution
		SolutionGuid = {CA7C9574-2276-47B8-8326-56369F3C0F2A}
	EndGlobalSection
EndGlobal
